
Microsoft Visual Studio Solution File, Format Version 12.00
# Visual Studio Version 16
VisualStudioVersion = 16.0.30804.86
MinimumVisualStudioVersion = 10.0.40219.1
Project("{FAE04EC0-301F-11D3-BF4B-00C04F79EFBC}") = "SamlIssuer", "SamlIssuer\SamlIssuer.csproj", "{94FFDCBB-EF3E-416B-9B37-6788B698985F}"
EndProject
Project("{FAE04EC0-301F-11D3-BF4B-00C04F79EFBC}") = "SamlConsumer", "SamlConsumer\SamlConsumer.csproj", "{06FC3456-EA9F-4D52-B772-BD3B4B02E09E}"
EndProject
Global
	GlobalSection(SolutionConfigurationPlatforms) = preSolution
		Debug|Any CPU = Debug|Any CPU
		Release|Any CPU = Release|Any CPU
	EndGlobalSection
	GlobalSection(ProjectConfigurationPlatforms) = postSolution
		{94FFDCBB-EF3E-416B-9B37-6788B698985F}.Debug|Any CPU.ActiveCfg = Debug|Any CPU
		{94FFDCBB-EF3E-416B-9B37-6788B698985F}.Debug|Any CPU.Build.0 = Debug|Any CPU
		{94FFDCBB-EF3E-416B-9B37-6788B698985F}.Release|Any CPU.ActiveCfg = Release|Any CPU
		{94FFDCBB-EF3E-416B-9B37-6788B698985F}.Release|Any CPU.Build.0 = Release|Any CPU
		{06FC3456-EA9F-4D52-B772-BD3B4B02E09E}.Debug|Any CPU.ActiveCfg = Debug|Any CPU
		{06FC3456-EA9F-4D52-B772-BD3B4B02E09E}.Debug|Any CPU.Build.0 = Debug|Any CPU
		{06FC3456-EA9F-4D52-B772-BD3B4B02E09E}.Release|Any CPU.ActiveCfg = Release|Any CPU
		{06FC3456-EA9F-4D52-B772-BD3B4B02E09E}.Release|Any CPU.Build.0 = Release|Any CPU
	EndGlobalSection
	GlobalSection(SolutionProperties) = preSolution
		HideSolutionNode = FALSE
	EndGlobalSection
	GlobalSection(ExtensibilityGlobals) = postSolution
		SolutionGuid = {A3AB977D-88BC-4EE5-BEF7-6FEA473AC894}
	EndGlobalSection
EndGlobal
